
Microsoft Visual Studio Solution File, Format Version 12.00
# Visual Studio Version 16
VisualStudioVersion = 16.0.29424.173
MinimumVisualStudioVersion = 10.0.40219.1
Project("{2150E333-8FDC-42A3-9474-1A3956D46DE8}") = "00 - Presentation", "00 - Presentation", "{AC48B4DC-0114-40AF-A12C-736CA5D15481}"
EndProject
Project("{2150E333-8FDC-42A3-9474-1A3956D46DE8}") = "02 - Application", "02 - Application", "{BB258343-C50A-4289-976F-46CE3BCD7E2F}"
EndProject
Project("{2150E333-8FDC-42A3-9474-1A3956D46DE8}") = "03 - Domain", "03 - Domain", "{B3D9E963-A369-4BDB-A967-6E1F35446D9E}"
EndProject
Project("{2150E333-8FDC-42A3-9474-1A3956D46DE8}") = "04 - Infra", "04 - Infra", "{C2FAAF46-29E0-4B03-9C5D-5EC33D5FECE7}"
EndProject
Project("{2150E333-8FDC-42A3-9474-1A3956D46DE8}") = "05 - API", "05 - API", "{AD047CC1-7A1F-4400-A7F8-90C03A83B993}"
EndProject
Project("{2150E333-8FDC-42A3-9474-1A3956D46DE8}") = "01 - Services", "01 - Services", "{AF6ADDDA-FDA6-4189-9A6F-FCA80A7917BE}"
EndProject
Project("{9A19103F-16F7-4668-BE54-9A1E7A4F7556}") = "BlackVinil.Application", "BlackVinil.Application\BlackVinil.Application.csproj", "{F99E8544-C0A8-45FD-B1F3-EBC1B1E50981}"
EndProject
Project("{9A19103F-16F7-4668-BE54-9A1E7A4F7556}") = "BlackVinil.Domain", "BlackVinil.Domain\BlackVinil.Domain.csproj", "{FB8040FC-8355-41B9-8073-4AC8C353B1B2}"
EndProject
Project("{2150E333-8FDC-42A3-9474-1A3956D46DE8}") = "4.1 - CrossCutting", "4.1 - CrossCutting", "{7ED19F65-3ADF-46FE-9ADF-AFA5841C1D9C}"
EndProject
Project("{2150E333-8FDC-42A3-9474-1A3956D46DE8}") = "4.2 - Data", "4.2 - Data", "{D5ABBA56-F8D9-45D2-BFC2-01BB979E510D}"
EndProject
Project("{9A19103F-16F7-4668-BE54-9A1E7A4F7556}") = "BlackVinil.Infra.Data", "BlackVinil.Infra.Data\BlackVinil.Infra.Data.csproj", "{24A1FC81-ACEC-4B3A-9E02-4D8052CC2FC9}"
EndProject
Project("{9A19103F-16F7-4668-BE54-9A1E7A4F7556}") = "TestesBlckVinil", "TestesBlckVinil\TestesBlckVinil.csproj", "{0A98B8F2-BFB4-4A18-A13C-036D8C45E1DB}"
EndProject
Project("{9A19103F-16F7-4668-BE54-9A1E7A4F7556}") = "BlackVinil.API", "BlackVinil.API\BlackVinil.API.csproj", "{F4E1AD65-68A4-4BB7-AAB9-CC2D161AD5CC}"
EndProject
Project("{2150E333-8FDC-42A3-9474-1A3956D46DE8}") = "06 - IoC", "06 - IoC", "{C75030C0-019D-4203-8F8A-FCA9730FBC03}"
EndProject
Project("{FAE04EC0-301F-11D3-BF4B-00C04F79EFBC}") = "BlackVinil.IoC", "BlackVinil.IoC\BlackVinil.IoC.csproj", "{DE26CA75-3062-4A14-A3A4-54F5CC5760AE}"
EndProject
Global
	GlobalSection(SolutionConfigurationPlatforms) = preSolution
		Debug|Any CPU = Debug|Any CPU
		Release|Any CPU = Release|Any CPU
	EndGlobalSection
	GlobalSection(ProjectConfigurationPlatforms) = postSolution
		{F99E8544-C0A8-45FD-B1F3-EBC1B1E50981}.Debug|Any CPU.ActiveCfg = Debug|Any CPU
		{F99E8544-C0A8-45FD-B1F3-EBC1B1E50981}.Debug|Any CPU.Build.0 = Debug|Any CPU
		{F99E8544-C0A8-45FD-B1F3-EBC1B1E50981}.Release|Any CPU.ActiveCfg = Release|Any CPU
		{F99E8544-C0A8-45FD-B1F3-EBC1B1E50981}.Release|Any CPU.Build.0 = Release|Any CPU
		{FB8040FC-8355-41B9-8073-4AC8C353B1B2}.Debug|Any CPU.ActiveCfg = Debug|Any CPU
		{FB8040FC-8355-41B9-8073-4AC8C353B1B2}.Debug|Any CPU.Build.0 = Debug|Any CPU
		{FB8040FC-8355-41B9-8073-4AC8C353B1B2}.Release|Any CPU.ActiveCfg = Release|Any CPU
		{FB8040FC-8355-41B9-8073-4AC8C353B1B2}.Release|Any CPU.Build.0 = Release|Any CPU
		{24A1FC81-ACEC-4B3A-9E02-4D8052CC2FC9}.Debug|Any CPU.ActiveCfg = Debug|Any CPU
		{24A1FC81-ACEC-4B3A-9E02-4D8052CC2FC9}.Debug|Any CPU.Build.0 = Debug|Any CPU
		{24A1FC81-ACEC-4B3A-9E02-4D8052CC2FC9}.Release|Any CPU.ActiveCfg = Release|Any CPU
		{24A1FC81-ACEC-4B3A-9E02-4D8052CC2FC9}.Release|Any CPU.Build.0 = Release|Any CPU
		{0A98B8F2-BFB4-4A18-A13C-036D8C45E1DB}.Debug|Any CPU.ActiveCfg = Debug|Any CPU
		{0A98B8F2-BFB4-4A18-A13C-036D8C45E1DB}.Debug|Any CPU.Build.0 = Debug|Any CPU
		{0A98B8F2-BFB4-4A18-A13C-036D8C45E1DB}.Release|Any CPU.ActiveCfg = Release|Any CPU
		{0A98B8F2-BFB4-4A18-A13C-036D8C45E1DB}.Release|Any CPU.Build.0 = Release|Any CPU
		{F4E1AD65-68A4-4BB7-AAB9-CC2D161AD5CC}.Debug|Any CPU.ActiveCfg = Debug|Any CPU
		{F4E1AD65-68A4-4BB7-AAB9-CC2D161AD5CC}.Debug|Any CPU.Build.0 = Debug|Any CPU
		{F4E1AD65-68A4-4BB7-AAB9-CC2D161AD5CC}.Release|Any CPU.ActiveCfg = Release|Any CPU
		{F4E1AD65-68A4-4BB7-AAB9-CC2D161AD5CC}.Release|Any CPU.Build.0 = Release|Any CPU
		{DE26CA75-3062-4A14-A3A4-54F5CC5760AE}.Debug|Any CPU.ActiveCfg = Debug|Any CPU
		{DE26CA75-3062-4A14-A3A4-54F5CC5760AE}.Debug|Any CPU.Build.0 = Debug|Any CPU
		{DE26CA75-3062-4A14-A3A4-54F5CC5760AE}.Release|Any CPU.ActiveCfg = Release|Any CPU
		{DE26CA75-3062-4A14-A3A4-54F5CC5760AE}.Release|Any CPU.Build.0 = Release|Any CPU
	EndGlobalSection
	GlobalSection(SolutionProperties) = preSolution
		HideSolutionNode = FALSE
	EndGlobalSection
	GlobalSection(NestedProjects) = preSolution
		{F99E8544-C0A8-45FD-B1F3-EBC1B1E50981} = {BB258343-C50A-4289-976F-46CE3BCD7E2F}
		{FB8040FC-8355-41B9-8073-4AC8C353B1B2} = {B3D9E963-A369-4BDB-A967-6E1F35446D9E}
		{7ED19F65-3ADF-46FE-9ADF-AFA5841C1D9C} = {C2FAAF46-29E0-4B03-9C5D-5EC33D5FECE7}
		{D5ABBA56-F8D9-45D2-BFC2-01BB979E510D} = {C2FAAF46-29E0-4B03-9C5D-5EC33D5FECE7}
		{24A1FC81-ACEC-4B3A-9E02-4D8052CC2FC9} = {D5ABBA56-F8D9-45D2-BFC2-01BB979E510D}
		{0A98B8F2-BFB4-4A18-A13C-036D8C45E1DB} = {AC48B4DC-0114-40AF-A12C-736CA5D15481}
		{F4E1AD65-68A4-4BB7-AAB9-CC2D161AD5CC} = {AD047CC1-7A1F-4400-A7F8-90C03A83B993}
		{DE26CA75-3062-4A14-A3A4-54F5CC5760AE} = {C75030C0-019D-4203-8F8A-FCA9730FBC03}
	EndGlobalSection
	GlobalSection(ExtensibilityGlobals) = postSolution
		SolutionGuid = {AA6598FD-E190-42B7-9F8C-AF0FB04F15F1}
	EndGlobalSection
EndGlobal
